<Solution>
  <Configurations>
    <BuildType Name="Debug" />
    <BuildType Name="EasyTest" />
    <BuildType Name="Release" />
  </Configurations>
  <Project Path="xafhangfire/xafhangfire.Blazor.Server/xafhangfire.Blazor.Server.csproj" />
  <Project Path="xafhangfire/xafhangfire.Module/xafhangfire.Module.csproj" />
  <Project Path="xafhangfire/xafhangfire.Win/xafhangfire.Win.csproj" />
  <Project Path="xafhangfire/xafhangfire.Jobs/xafhangfire.Jobs.csproj" />
</Solution>
